
Microsoft Visual Studio Solution File, Format Version 12.00
# Visual Studio 2012
Project("{f2a71f9b-5d33-465a-a702-920d77279786}") = "FsXamarinForms.Droid", "Droid\FsXamarinForms.Droid.fsproj", "{EF9505F6-B3D3-4E12-BF1D-6A532C20199F}"
EndProject
Project("{f2a71f9b-5d33-465a-a702-920d77279786}") = "FsXamarinForms", "FsXamarinForms\FsXamarinForms.fsproj", "{B91A53CA-827A-4815-9E1B-922BFBB28A83}"
EndProject
Global
	GlobalSection(SolutionConfigurationPlatforms) = preSolution
		Debug|Any CPU = Debug|Any CPU
		Release|Any CPU = Release|Any CPU
	EndGlobalSection
	GlobalSection(ProjectConfigurationPlatforms) = postSolution
		{EF9505F6-B3D3-4E12-BF1D-6A532C20199F}.Debug|Any CPU.ActiveCfg = Debug|Any CPU
		{EF9505F6-B3D3-4E12-BF1D-6A532C20199F}.Debug|Any CPU.Build.0 = Debug|Any CPU
		{EF9505F6-B3D3-4E12-BF1D-6A532C20199F}.Release|Any CPU.ActiveCfg = Release|Any CPU
		{EF9505F6-B3D3-4E12-BF1D-6A532C20199F}.Release|Any CPU.Build.0 = Release|Any CPU
		{B91A53CA-827A-4815-9E1B-922BFBB28A83}.Debug|Any CPU.ActiveCfg = Debug|Any CPU
		{B91A53CA-827A-4815-9E1B-922BFBB28A83}.Debug|Any CPU.Build.0 = Debug|Any CPU
		{B91A53CA-827A-4815-9E1B-922BFBB28A83}.Release|Any CPU.ActiveCfg = Release|Any CPU
		{B91A53CA-827A-4815-9E1B-922BFBB28A83}.Release|Any CPU.Build.0 = Release|Any CPU
	EndGlobalSection
EndGlobal
